
Microsoft Visual Studio Solution File, Format Version 12.00
# Visual Studio 15
VisualStudioVersion = 15.0.27004.2005
MinimumVisualStudioVersion = 10.0.40219.1
Project("{9A19103F-16F7-4668-BE54-9A1E7A4F7556}") = "WebAPI", "WebAPI\WebAPI.csproj", "{364924D0-39B8-46FD-A914-26C3DFB0DCE5}"
EndProject
Project("{9A19103F-16F7-4668-BE54-9A1E7A4F7556}") = "WebCore", "WebCore\WebCore.csproj", "{77113874-0A76-4847-8CD6-DD9BCE1AC059}"
EndProject
Project("{FAE04EC0-301F-11D3-BF4B-00C04F79EFBC}") = "API", "API\API.csproj", "{7A9A20A1-C0D7-4936-9272-8BA495D7CD20}"
EndProject
Global
	GlobalSection(SolutionConfigurationPlatforms) = preSolution
		Debug|Any CPU = Debug|Any CPU
		Release|Any CPU = Release|Any CPU
	EndGlobalSection
	GlobalSection(ProjectConfigurationPlatforms) = postSolution
		{364924D0-39B8-46FD-A914-26C3DFB0DCE5}.Debug|Any CPU.ActiveCfg = Debug|Any CPU
		{364924D0-39B8-46FD-A914-26C3DFB0DCE5}.Debug|Any CPU.Build.0 = Debug|Any CPU
		{364924D0-39B8-46FD-A914-26C3DFB0DCE5}.Release|Any CPU.ActiveCfg = Release|Any CPU
		{364924D0-39B8-46FD-A914-26C3DFB0DCE5}.Release|Any CPU.Build.0 = Release|Any CPU
		{77113874-0A76-4847-8CD6-DD9BCE1AC059}.Debug|Any CPU.ActiveCfg = Debug|Any CPU
		{77113874-0A76-4847-8CD6-DD9BCE1AC059}.Debug|Any CPU.Build.0 = Debug|Any CPU
		{77113874-0A76-4847-8CD6-DD9BCE1AC059}.Release|Any CPU.ActiveCfg = Release|Any CPU
		{77113874-0A76-4847-8CD6-DD9BCE1AC059}.Release|Any CPU.Build.0 = Release|Any CPU
		{7A9A20A1-C0D7-4936-9272-8BA495D7CD20}.Debug|Any CPU.ActiveCfg = Debug|Any CPU
		{7A9A20A1-C0D7-4936-9272-8BA495D7CD20}.Debug|Any CPU.Build.0 = Debug|Any CPU
		{7A9A20A1-C0D7-4936-9272-8BA495D7CD20}.Release|Any CPU.ActiveCfg = Release|Any CPU
		{7A9A20A1-C0D7-4936-9272-8BA495D7CD20}.Release|Any CPU.Build.0 = Release|Any CPU
	EndGlobalSection
	GlobalSection(SolutionProperties) = preSolution
		HideSolutionNode = FALSE
	EndGlobalSection
	GlobalSection(ExtensibilityGlobals) = postSolution
		SolutionGuid = {E1733970-069C-4729-B572-C8DE6F4BC4E8}
	EndGlobalSection
EndGlobal
